// !$*UTF8*$!
{
	archiveVersion = 1;
	classes = {
	};
	objectVersion = 55;
	objects = {

/* Begin PBXBuildFile section */
		C81251CF27A680F8007D81DD /* BlueMovieApp.swift in Sources */ = {isa = PBXBuildFile; fileRef = C81251CE27A680F8007D81DD /* BlueMovieApp.swift */; };
		C81251D127A680F8007D81DD /* MainView.swift in Sources */ = {isa = PBXBuildFile; fileRef = C81251D027A680F8007D81DD /* MainView.swift */; };
		C81251D327A680FC007D81DD /* Assets.xcassets in Resources */ = {isa = PBXBuildFile; fileRef = C81251D227A680FC007D81DD /* Assets.xcassets */; };
		C81251D627A680FC007D81DD /* Preview Assets.xcassets in Resources */ = {isa = PBXBuildFile; fileRef = C81251D527A680FC007D81DD /* Preview Assets.xcassets */; };
		C81251E127A68341007D81DD /* Movie.swift in Sources */ = {isa = PBXBuildFile; fileRef = C81251E027A68341007D81DD /* Movie.swift */; };
		C81251E327A68486007D81DD /* MovieService.swift in Sources */ = {isa = PBXBuildFile; fileRef = C81251E227A68486007D81DD /* MovieService.swift */; };
		C81251E527A68F21007D81DD /* MovieStore.swift in Sources */ = {isa = PBXBuildFile; fileRef = C81251E427A68F21007D81DD /* MovieStore.swift */; };
		C81251E827A69177007D81DD /* Utils.swift in Sources */ = {isa = PBXBuildFile; fileRef = C81251E727A69177007D81DD /* Utils.swift */; };
		C81251ED27A7E246007D81DD /* movie_info.json in Resources */ = {isa = PBXBuildFile; fileRef = C81251EA27A7E246007D81DD /* movie_info.json */; };
		C81251EE27A7E246007D81DD /* movie_list.json in Resources */ = {isa = PBXBuildFile; fileRef = C81251EB27A7E246007D81DD /* movie_list.json */; };
		C81251EF27A7E246007D81DD /* search_movie.json in Resources */ = {isa = PBXBuildFile; fileRef = C81251EC27A7E246007D81DD /* search_movie.json */; };
		C81251F127A7E268007D81DD /* Movie+Stub.swift in Sources */ = {isa = PBXBuildFile; fileRef = C81251F027A7E268007D81DD /* Movie+Stub.swift */; };
		C81251F627A985D9007D81DD /* ImageLoader.swift in Sources */ = {isa = PBXBuildFile; fileRef = C81251F527A985D9007D81DD /* ImageLoader.swift */; };
		C85E918527B394F800E1695A /* MovieSection.swift in Sources */ = {isa = PBXBuildFile; fileRef = C85E918427B394F800E1695A /* MovieSection.swift */; };
		C85E918727B3965200E1695A /* MovieHomeViewModel.swift in Sources */ = {isa = PBXBuildFile; fileRef = C85E918627B3965200E1695A /* MovieHomeViewModel.swift */; };
		C8727BDE27B2EBB200EA967C /* DataFetchPhase.swift in Sources */ = {isa = PBXBuildFile; fileRef = C8727BDD27B2EBB200EA967C /* DataFetchPhase.swift */; };
		C8727BE127B2F66800EA967C /* RetryView.swift in Sources */ = {isa = PBXBuildFile; fileRef = C8727BE027B2F66800EA967C /* RetryView.swift */; };
		C8727BE327B2F99D00EA967C /* EmptyPlaceholderView.swift in Sources */ = {isa = PBXBuildFile; fileRef = C8727BE227B2F99D00EA967C /* EmptyPlaceholderView.swift */; };
		C8727BE527B301B100EA967C /* DataFetchOverlayView.swift in Sources */ = {isa = PBXBuildFile; fileRef = C8727BE427B301B100EA967C /* DataFetchOverlayView.swift */; };
		C8AD7EFF27AE37100093C333 /* SafariView.swift in Sources */ = {isa = PBXBuildFile; fileRef = C8AD7EFE27AE37100093C333 /* SafariView.swift */; };
		C8AD7F0127AED5500093C333 /* MovieSearchView.swift in Sources */ = {isa = PBXBuildFile; fileRef = C8AD7F0027AED5500093C333 /* MovieSearchView.swift */; };
		C8AD7F0327AEF1810093C333 /* SearchBarView.swift in Sources */ = {isa = PBXBuildFile; fileRef = C8AD7F0227AEF1810093C333 /* SearchBarView.swift */; };
		C8AD7F0527B059100093C333 /* MovieSearchViewModel.swift in Sources */ = {isa = PBXBuildFile; fileRef = C8AD7F0427B059100093C333 /* MovieSearchViewModel.swift */; };
		C8AD7F0827B148DF0093C333 /* ViewHelper.swift in Sources */ = {isa = PBXBuildFile; fileRef = C8AD7F0627B148DF0093C333 /* ViewHelper.swift */; };
		C8AD7F0927B148DF0093C333 /* CustomViewModifiers.swift in Sources */ = {isa = PBXBuildFile; fileRef = C8AD7F0727B148DF0093C333 /* CustomViewModifiers.swift */; };
		C8F387EB27AC0AD200028CD9 /* MovieThumbnailView.swift in Sources */ = {isa = PBXBuildFile; fileRef = C8F387EA27AC0AD200028CD9 /* MovieThumbnailView.swift */; };
		C8F387ED27AC0D1700028CD9 /* MovieThumbnailCarouselView.swift in Sources */ = {isa = PBXBuildFile; fileRef = C8F387EC27AC0D1700028CD9 /* MovieThumbnailCarouselView.swift */; };
		C8F387EF27AC0E6800028CD9 /* MovieHomeView.swift in Sources */ = {isa = PBXBuildFile; fileRef = C8F387EE27AC0E6800028CD9 /* MovieHomeView.swift */; };
		C8F387F127AC0E8900028CD9 /* MovieListViewModel.swift in Sources */ = {isa = PBXBuildFile; fileRef = C8F387F027AC0E8900028CD9 /* MovieListViewModel.swift */; };
		C8F387F427AC2A0D00028CD9 /* ActivityIndicatorView.swift in Sources */ = {isa = PBXBuildFile; fileRef = C8F387F327AC2A0D00028CD9 /* ActivityIndicatorView.swift */; };
		C8F387F627AC2F7800028CD9 /* LoadingView.swift in Sources */ = {isa = PBXBuildFile; fileRef = C8F387F527AC2F7800028CD9 /* LoadingView.swift */; };
		C8F387FC27AD472F00028CD9 /* MovieDetailView.swift in Sources */ = {isa = PBXBuildFile; fileRef = C8F387FB27AD472F00028CD9 /* MovieDetailView.swift */; };
		C8F387FE27AD483300028CD9 /* MovieDetailViewModel.swift in Sources */ = {isa = PBXBuildFile; fileRef = C8F387FD27AD483300028CD9 /* MovieDetailViewModel.swift */; };
		C8F3880327ADAB5900028CD9 /* MovieCredit.swift in Sources */ = {isa = PBXBuildFile; fileRef = C8F3880227ADAB5900028CD9 /* MovieCredit.swift */; };
		C8F3880527ADABC300028CD9 /* MovieCast.swift in Sources */ = {isa = PBXBuildFile; fileRef = C8F3880427ADABC300028CD9 /* MovieCast.swift */; };
		C8F3880727ADAC4A00028CD9 /* MovieCrew.swift in Sources */ = {isa = PBXBuildFile; fileRef = C8F3880627ADAC4A00028CD9 /* MovieCrew.swift */; };
/* End PBXBuildFile section */

/* Begin PBXFileReference section */
		C81251CB27A680F8007D81DD /* BlueMovie.app */ = {isa = PBXFileReference; explicitFileType = wrapper.application; includeInIndex = 0; path = BlueMovie.app; sourceTree = BUILT_PRODUCTS_DIR; };
		C81251CE27A680F8007D81DD /* BlueMovieApp.swift */ = {isa = PBXFileReference; lastKnownFileType = sourcecode.swift; path = BlueMovieApp.swift; sourceTree = "<group>"; };
		C81251D027A680F8007D81DD /* MainView.swift */ = {isa = PBXFileReference; lastKnownFileType = sourcecode.swift; path = MainView.swift; sourceTree = "<group>"; };
		C81251D227A680FC007D81DD /* Assets.xcassets */ = {isa = PBXFileReference; lastKnownFileType = folder.assetcatalog; path = Assets.xcassets; sourceTree = "<group>"; };
		C81251D527A680FC007D81DD /* Preview Assets.xcassets */ = {isa = PBXFileReference; lastKnownFileType = folder.assetcatalog; path = "Preview Assets.xcassets"; sourceTree = "<group>"; };
		C81251E027A68341007D81DD /* Movie.swift */ = {isa = PBXFileReference; lastKnownFileType = sourcecode.swift; path = Movie.swift; sourceTree = "<group>"; };
		C81251E227A68486007D81DD /* MovieService.swift */ = {isa = PBXFileReference; lastKnownFileType = sourcecode.swift; path = MovieService.swift; sourceTree = "<group>"; };
		C81251E427A68F21007D81DD /* MovieStore.swift */ = {isa = PBXFileReference; lastKnownFileType = sourcecode.swift; path = MovieStore.swift; sourceTree = "<group>"; };
		C81251E727A69177007D81DD /* Utils.swift */ = {isa = PBXFileReference; lastKnownFileType = sourcecode.swift; path = Utils.swift; sourceTree = "<group>"; };
		C81251EA27A7E246007D81DD /* movie_info.json */ = {isa = PBXFileReference; fileEncoding = 4; lastKnownFileType = text.json; path = movie_info.json; sourceTree = "<group>"; };
		C81251EB27A7E246007D81DD /* movie_list.json */ = {isa = PBXFileReference; fileEncoding = 4; lastKnownFileType = text.json; path = movie_list.json; sourceTree = "<group>"; };
		C81251EC27A7E246007D81DD /* search_movie.json */ = {isa = PBXFileReference; fileEncoding = 4; lastKnownFileType = text.json; path = search_movie.json; sourceTree = "<group>"; };
		C81251F027A7E268007D81DD /* Movie+Stub.swift */ = {isa = PBXFileReference; lastKnownFileType = sourcecode.swift; path = "Movie+Stub.swift"; sourceTree = "<group>"; };
		C81251F527A985D9007D81DD /* ImageLoader.swift */ = {isa = PBXFileReference; lastKnownFileType = sourcecode.swift; path = ImageLoader.swift; sourceTree = "<group>"; };
		C85E918427B394F800E1695A /* MovieSection.swift */ = {isa = PBXFileReference; lastKnownFileType = sourcecode.swift; path = MovieSection.swift; sourceTree = "<group>"; };
		C85E918627B3965200E1695A /* MovieHomeViewModel.swift */ = {isa = PBXFileReference; lastKnownFileType = sourcecode.swift; path = MovieHomeViewModel.swift; sourceTree = "<group>"; };
		C8727BDD27B2EBB200EA967C /* DataFetchPhase.swift */ = {isa = PBXFileReference; lastKnownFileType = sourcecode.swift; path = DataFetchPhase.swift; sourceTree = "<group>"; };
		C8727BE027B2F66800EA967C /* RetryView.swift */ = {isa = PBXFileReference; lastKnownFileType = sourcecode.swift; path = RetryView.swift; sourceTree = "<group>"; };
		C8727BE227B2F99D00EA967C /* EmptyPlaceholderView.swift */ = {isa = PBXFileReference; lastKnownFileType = sourcecode.swift; path = EmptyPlaceholderView.swift; sourceTree = "<group>"; };
		C8727BE427B301B100EA967C /* DataFetchOverlayView.swift */ = {isa = PBXFileReference; lastKnownFileType = sourcecode.swift; path = DataFetchOverlayView.swift; sourceTree = "<group>"; };
		C8AD7EFE27AE37100093C333 /* SafariView.swift */ = {isa = PBXFileReference; lastKnownFileType = sourcecode.swift; path = SafariView.swift; sourceTree = "<group>"; };
		C8AD7F0027AED5500093C333 /* MovieSearchView.swift */ = {isa = PBXFileReference; lastKnownFileType = sourcecode.swift; path = MovieSearchView.swift; sourceTree = "<group>"; };
		C8AD7F0227AEF1810093C333 /* SearchBarView.swift */ = {isa = PBXFileReference; lastKnownFileType = sourcecode.swift; path = SearchBarView.swift; sourceTree = "<group>"; };
		C8AD7F0427B059100093C333 /* MovieSearchViewModel.swift */ = {isa = PBXFileReference; lastKnownFileType = sourcecode.swift; path = MovieSearchViewModel.swift; sourceTree = "<group>"; };
		C8AD7F0627B148DF0093C333 /* ViewHelper.swift */ = {isa = PBXFileReference; fileEncoding = 4; lastKnownFileType = sourcecode.swift; path = ViewHelper.swift; sourceTree = "<group>"; };
		C8AD7F0727B148DF0093C333 /* CustomViewModifiers.swift */ = {isa = PBXFileReference; fileEncoding = 4; lastKnownFileType = sourcecode.swift; path = CustomViewModifiers.swift; sourceTree = "<group>"; };
		C8F387EA27AC0AD200028CD9 /* MovieThumbnailView.swift */ = {isa = PBXFileReference; lastKnownFileType = sourcecode.swift; path = MovieThumbnailView.swift; sourceTree = "<group>"; };
		C8F387EC27AC0D1700028CD9 /* MovieThumbnailCarouselView.swift */ = {isa = PBXFileReference; lastKnownFileType = sourcecode.swift; path = MovieThumbnailCarouselView.swift; sourceTree = "<group>"; };
		C8F387EE27AC0E6800028CD9 /* MovieHomeView.swift */ = {isa = PBXFileReference; lastKnownFileType = sourcecode.swift; path = MovieHomeView.swift; sourceTree = "<group>"; };
		C8F387F027AC0E8900028CD9 /* MovieListViewModel.swift */ = {isa = PBXFileReference; lastKnownFileType = sourcecode.swift; path = MovieListViewModel.swift; sourceTree = "<group>"; };
		C8F387F327AC2A0D00028CD9 /* ActivityIndicatorView.swift */ = {isa = PBXFileReference; lastKnownFileType = sourcecode.swift; path = ActivityIndicatorView.swift; sourceTree = "<group>"; };
		C8F387F527AC2F7800028CD9 /* LoadingView.swift */ = {isa = PBXFileReference; lastKnownFileType = sourcecode.swift; path = LoadingView.swift; sourceTree = "<group>"; };
		C8F387FB27AD472F00028CD9 /* MovieDetailView.swift */ = {isa = PBXFileReference; lastKnownFileType = sourcecode.swift; path = MovieDetailView.swift; sourceTree = "<group>"; };
		C8F387FD27AD483300028CD9 /* MovieDetailViewModel.swift */ = {isa = PBXFileReference; lastKnownFileType = sourcecode.swift; path = MovieDetailViewModel.swift; sourceTree = "<group>"; };
		C8F3880227ADAB5900028CD9 /* MovieCredit.swift */ = {isa = PBXFileReference; lastKnownFileType = sourcecode.swift; path = MovieCredit.swift; sourceTree = "<group>"; };
		C8F3880427ADABC300028CD9 /* MovieCast.swift */ = {isa = PBXFileReference; lastKnownFileType = sourcecode.swift; path = MovieCast.swift; sourceTree = "<group>"; };
		C8F3880627ADAC4A00028CD9 /* MovieCrew.swift */ = {isa = PBXFileReference; lastKnownFileType = sourcecode.swift; path = MovieCrew.swift; sourceTree = "<group>"; };
/* End PBXFileReference section */

/* Begin PBXFrameworksBuildPhase section */
		C81251C827A680F8007D81DD /* Frameworks */ = {
			isa = PBXFrameworksBuildPhase;
			buildActionMask = 2147483647;
			files = (
			);
			runOnlyForDeploymentPostprocessing = 0;
		};
/* End PBXFrameworksBuildPhase section */

/* Begin PBXGroup section */
		C81251C227A680F8007D81DD = {
			isa = PBXGroup;
			children = (
				C81251CD27A680F8007D81DD /* BlueMovie */,
				C81251CC27A680F8007D81DD /* Products */,
			);
			sourceTree = "<group>";
		};
		C81251CC27A680F8007D81DD /* Products */ = {
			isa = PBXGroup;
			children = (
				C81251CB27A680F8007D81DD /* BlueMovie.app */,
			);
			name = Products;
			sourceTree = "<group>";
		};
		C81251CD27A680F8007D81DD /* BlueMovie */ = {
			isa = PBXGroup;
			children = (
				C81251E927A7E246007D81DD /* Resources */,
				C81251E627A69157007D81DD /* Utilities */,
				C81251DF27A682F5007D81DD /* Services */,
				C81251DC27A682CB007D81DD /* Models */,
				C81251DD27A682DE007D81DD /* Views */,
				C81251DE27A682E2007D81DD /* ViewModels */,
				C81251CE27A680F8007D81DD /* BlueMovieApp.swift */,
				C81251D227A680FC007D81DD /* Assets.xcassets */,
				C81251D427A680FC007D81DD /* Preview Content */,
			);
			path = BlueMovie;
			sourceTree = "<group>";
		};
		C81251D427A680FC007D81DD /* Preview Content */ = {
			isa = PBXGroup;
			children = (
				C81251D527A680FC007D81DD /* Preview Assets.xcassets */,
			);
			path = "Preview Content";
			sourceTree = "<group>";
		};
		C81251DC27A682CB007D81DD /* Models */ = {
			isa = PBXGroup;
			children = (
				C81251E027A68341007D81DD /* Movie.swift */,
				C81251F027A7E268007D81DD /* Movie+Stub.swift */,
				C8F3880227ADAB5900028CD9 /* MovieCredit.swift */,
				C8F3880427ADABC300028CD9 /* MovieCast.swift */,
				C8F3880627ADAC4A00028CD9 /* MovieCrew.swift */,
				C8727BDD27B2EBB200EA967C /* DataFetchPhase.swift */,
				C85E918427B394F800E1695A /* MovieSection.swift */,
			);
			path = Models;
			sourceTree = "<group>";
		};
		C81251DD27A682DE007D81DD /* Views */ = {
			isa = PBXGroup;
			children = (
				C8727BDF27B2F64E00EA967C /* OverlayViews */,
				C8F387F227AC29A900028CD9 /* UIKitViews */,
				C8E26D1E27B65AF400D94180 /* Movie */,
				C81251D027A680F8007D81DD /* MainView.swift */,
				C8F387F527AC2F7800028CD9 /* LoadingView.swift */,
			);
			path = Views;
			sourceTree = "<group>";
		};
		C81251DE27A682E2007D81DD /* ViewModels */ = {
			isa = PBXGroup;
			children = (
				C8F387F027AC0E8900028CD9 /* MovieListViewModel.swift */,
				C8F387FD27AD483300028CD9 /* MovieDetailViewModel.swift */,
				C8AD7F0427B059100093C333 /* MovieSearchViewModel.swift */,
				C85E918627B3965200E1695A /* MovieHomeViewModel.swift */,
			);
			path = ViewModels;
			sourceTree = "<group>";
		};
		C81251DF27A682F5007D81DD /* Services */ = {
			isa = PBXGroup;
			children = (
				C81251E227A68486007D81DD /* MovieService.swift */,
				C81251E427A68F21007D81DD /* MovieStore.swift */,
			);
			path = Services;
			sourceTree = "<group>";
		};
		C81251E627A69157007D81DD /* Utilities */ = {
			isa = PBXGroup;
			children = (
				C81251F527A985D9007D81DD /* ImageLoader.swift */,
				C8AD7F0727B148DF0093C333 /* CustomViewModifiers.swift */,
				C8AD7F0627B148DF0093C333 /* ViewHelper.swift */,
				C81251E727A69177007D81DD /* Utils.swift */,
			);
			path = Utilities;
			sourceTree = "<group>";
		};
		C81251E927A7E246007D81DD /* Resources */ = {
			isa = PBXGroup;
			children = (
				C81251EA27A7E246007D81DD /* movie_info.json */,
				C81251EB27A7E246007D81DD /* movie_list.json */,
				C81251EC27A7E246007D81DD /* search_movie.json */,
			);
			path = Resources;
			sourceTree = "<group>";
		};
		C8727BDF27B2F64E00EA967C /* OverlayViews */ = {
			isa = PBXGroup;
			children = (
				C8727BE027B2F66800EA967C /* RetryView.swift */,
				C8727BE227B2F99D00EA967C /* EmptyPlaceholderView.swift */,
				C8727BE427B301B100EA967C /* DataFetchOverlayView.swift */,
			);
			path = OverlayViews;
			sourceTree = "<group>";
		};
		C8E26D1E27B65AF400D94180 /* Movie */ = {
			isa = PBXGroup;
			children = (
				C8E26D1F27B65B1400D94180 /* Thumbnail */,
				C8F387EE27AC0E6800028CD9 /* MovieHomeView.swift */,
				C8F387FB27AD472F00028CD9 /* MovieDetailView.swift */,
				C8AD7F0027AED5500093C333 /* MovieSearchView.swift */,
			);
			path = Movie;
			sourceTree = "<group>";
		};
		C8E26D1F27B65B1400D94180 /* Thumbnail */ = {
			isa = PBXGroup;
			children = (
				C8F387EC27AC0D1700028CD9 /* MovieThumbnailCarouselView.swift */,
				C8F387EA27AC0AD200028CD9 /* MovieThumbnailView.swift */,
			);
			path = Thumbnail;
			sourceTree = "<group>";
		};
		C8F387F227AC29A900028CD9 /* UIKitViews */ = {
			isa = PBXGroup;
			children = (
				C8F387F327AC2A0D00028CD9 /* ActivityIndicatorView.swift */,
				C8AD7EFE27AE37100093C333 /* SafariView.swift */,
				C8AD7F0227AEF1810093C333 /* SearchBarView.swift */,
			);
			path = UIKitViews;
			sourceTree = "<group>";
		};
/* End PBXGroup section */

/* Begin PBXNativeTarget section */
		C81251CA27A680F8007D81DD /* BlueMovie */ = {
			isa = PBXNativeTarget;
			buildConfigurationList = C81251D927A680FC007D81DD /* Build configuration list for PBXNativeTarget "BlueMovie" */;
			buildPhases = (
				C81251C727A680F8007D81DD /* Sources */,
				C81251C827A680F8007D81DD /* Frameworks */,
				C81251C927A680F8007D81DD /* Resources */,
			);
			buildRules = (
			);
			dependencies = (
			);
			name = BlueMovie;
			productName = BlueMovie;
			productReference = C81251CB27A680F8007D81DD /* BlueMovie.app */;
			productType = "com.apple.product-type.application";
		};
/* End PBXNativeTarget section */

/* Begin PBXProject section */
		C81251C327A680F8007D81DD /* Project object */ = {
			isa = PBXProject;
			attributes = {
				BuildIndependentTargetsInParallel = 1;
				LastSwiftUpdateCheck = 1320;
				LastUpgradeCheck = 1320;
				TargetAttributes = {
					C81251CA27A680F8007D81DD = {
						CreatedOnToolsVersion = 13.2.1;
					};
				};
			};
			buildConfigurationList = C81251C627A680F8007D81DD /* Build configuration list for PBXProject "BlueMovie" */;
			compatibilityVersion = "Xcode 13.0";
			developmentRegion = en;
			hasScannedForEncodings = 0;
			knownRegions = (
				en,
				Base,
			);
			mainGroup = C81251C227A680F8007D81DD;
			productRefGroup = C81251CC27A680F8007D81DD /* Products */;
			projectDirPath = "";
			projectRoot = "";
			targets = (
				C81251CA27A680F8007D81DD /* BlueMovie */,
			);
		};
/* End PBXProject section */

/* Begin PBXResourcesBuildPhase section */
		C81251C927A680F8007D81DD /* Resources */ = {
			isa = PBXResourcesBuildPhase;
			buildActionMask = 2147483647;
			files = (
				C81251D627A680FC007D81DD /* Preview Assets.xcassets in Resources */,
				C81251ED27A7E246007D81DD /* movie_info.json in Resources */,
				C81251EE27A7E246007D81DD /* movie_list.json in Resources */,
				C81251EF27A7E246007D81DD /* search_movie.json in Resources */,
				C81251D327A680FC007D81DD /* Assets.xcassets in Resources */,
			);
			runOnlyForDeploymentPostprocessing = 0;
		};
/* End PBXResourcesBuildPhase section */

/* Begin PBXSourcesBuildPhase section */
		C81251C727A680F8007D81DD /* Sources */ = {
			isa = PBXSourcesBuildPhase;
			buildActionMask = 2147483647;
			files = (
				C8AD7F0927B148DF0093C333 /* CustomViewModifiers.swift in Sources */,
				C81251D127A680F8007D81DD /* MainView.swift in Sources */,
				C81251CF27A680F8007D81DD /* BlueMovieApp.swift in Sources */,
				C8727BE127B2F66800EA967C /* RetryView.swift in Sources */,
				C85E918527B394F800E1695A /* MovieSection.swift in Sources */,
				C8AD7F0527B059100093C333 /* MovieSearchViewModel.swift in Sources */,
				C8F3880527ADABC300028CD9 /* MovieCast.swift in Sources */,
				C8F387F127AC0E8900028CD9 /* MovieListViewModel.swift in Sources */,
				C85E918727B3965200E1695A /* MovieHomeViewModel.swift in Sources */,
				C8AD7F0327AEF1810093C333 /* SearchBarView.swift in Sources */,
				C81251E327A68486007D81DD /* MovieService.swift in Sources */,
				C8F387F627AC2F7800028CD9 /* LoadingView.swift in Sources */,
				C81251F127A7E268007D81DD /* Movie+Stub.swift in Sources */,
				C8AD7F0827B148DF0093C333 /* ViewHelper.swift in Sources */,
				C8F3880327ADAB5900028CD9 /* MovieCredit.swift in Sources */,
				C8AD7F0127AED5500093C333 /* MovieSearchView.swift in Sources */,
				C8F387F427AC2A0D00028CD9 /* ActivityIndicatorView.swift in Sources */,
				C8F387FE27AD483300028CD9 /* MovieDetailViewModel.swift in Sources */,
				C8727BE327B2F99D00EA967C /* EmptyPlaceholderView.swift in Sources */,
				C8F3880727ADAC4A00028CD9 /* MovieCrew.swift in Sources */,
				C81251E127A68341007D81DD /* Movie.swift in Sources */,
				C8AD7EFF27AE37100093C333 /* SafariView.swift in Sources */,
				C8727BE527B301B100EA967C /* DataFetchOverlayView.swift in Sources */,
				C8F387ED27AC0D1700028CD9 /* MovieThumbnailCarouselView.swift in Sources */,
				C81251F627A985D9007D81DD /* ImageLoader.swift in Sources */,
				C81251E527A68F21007D81DD /* MovieStore.swift in Sources */,
				C8F387EF27AC0E6800028CD9 /* MovieHomeView.swift in Sources */,
				C8F387FC27AD472F00028CD9 /* MovieDetailView.swift in Sources */,
				C8727BDE27B2EBB200EA967C /* DataFetchPhase.swift in Sources */,
				C81251E827A69177007D81DD /* Utils.swift in Sources */,
				C8F387EB27AC0AD200028CD9 /* MovieThumbnailView.swift in Sources */,
			);
			runOnlyForDeploymentPostprocessing = 0;
		};
/* End PBXSourcesBuildPhase section */

/* Begin XCBuildConfiguration section */
		C81251D727A680FC007D81DD /* Debug */ = {
			isa = XCBuildConfiguration;
			buildSettings = {
				ALWAYS_SEARCH_USER_PATHS = NO;
				CLANG_ANALYZER_NONNULL = YES;
				CLANG_ANALYZER_NUMBER_OBJECT_CONVERSION = YES_AGGRESSIVE;
				CLANG_CXX_LANGUAGE_STANDARD = "gnu++17";
				CLANG_CXX_LIBRARY = "libc++";
				CLANG_ENABLE_MODULES = YES;
				CLANG_ENABLE_OBJC_ARC = YES;
				CLANG_ENABLE_OBJC_WEAK = YES;
				CLANG_WARN_BLOCK_CAPTURE_AUTORELEASING = YES;
				CLANG_WARN_BOOL_CONVERSION = YES;
				CLANG_WARN_COMMA = YES;
				CLANG_WARN_CONSTANT_CONVERSION = YES;
				CLANG_WARN_DEPRECATED_OBJC_IMPLEMENTATIONS = YES;
				CLANG_WARN_DIRECT_OBJC_ISA_USAGE = YES_ERROR;
				CLANG_WARN_DOCUMENTATION_COMMENTS = YES;
				CLANG_WARN_EMPTY_BODY = YES;
				CLANG_WARN_ENUM_CONVERSION = YES;
				CLANG_WARN_INFINITE_RECURSION = YES;
				CLANG_WARN_INT_CONVERSION = YES;
				CLANG_WARN_NON_LITERAL_NULL_CONVERSION = YES;
				CLANG_WARN_OBJC_IMPLICIT_RETAIN_SELF = YES;
				CLANG_WARN_OBJC_LITERAL_CONVERSION = YES;
				CLANG_WARN_OBJC_ROOT_CLASS = YES_ERROR;
				CLANG_WARN_QUOTED_INCLUDE_IN_FRAMEWORK_HEADER = YES;
				CLANG_WARN_RANGE_LOOP_ANALYSIS = YES;
				CLANG_WARN_STRICT_PROTOTYPES = YES;
				CLANG_WARN_SUSPICIOUS_MOVE = YES;
				CLANG_WARN_UNGUARDED_AVAILABILITY = YES_AGGRESSIVE;
				CLANG_WARN_UNREACHABLE_CODE = YES;
				CLANG_WARN__DUPLICATE_METHOD_MATCH = YES;
				COPY_PHASE_STRIP = NO;
				DEBUG_INFORMATION_FORMAT = dwarf;
				ENABLE_STRICT_OBJC_MSGSEND = YES;
				ENABLE_TESTABILITY = YES;
				GCC_C_LANGUAGE_STANDARD = gnu11;
				GCC_DYNAMIC_NO_PIC = NO;
				GCC_NO_COMMON_BLOCKS = YES;
				GCC_OPTIMIZATION_LEVEL = 0;
				GCC_PREPROCESSOR_DEFINITIONS = (
					"DEBUG=1",
					"$(inherited)",
				);
				GCC_WARN_64_TO_32_BIT_CONVERSION = YES;
				GCC_WARN_ABOUT_RETURN_TYPE = YES_ERROR;
				GCC_WARN_UNDECLARED_SELECTOR = YES;
				GCC_WARN_UNINITIALIZED_AUTOS = YES_AGGRESSIVE;
				GCC_WARN_UNUSED_FUNCTION = YES;
				GCC_WARN_UNUSED_VARIABLE = YES;
				IPHONEOS_DEPLOYMENT_TARGET = 15.2;
				MTL_ENABLE_DEBUG_INFO = INCLUDE_SOURCE;
				MTL_FAST_MATH = YES;
				ONLY_ACTIVE_ARCH = YES;
				SDKROOT = iphoneos;
				SWIFT_ACTIVE_COMPILATION_CONDITIONS = DEBUG;
				SWIFT_OPTIMIZATION_LEVEL = "-Onone";
			};
			name = Debug;
		};
		C81251D827A680FC007D81DD /* Release */ = {
			isa = XCBuildConfiguration;
			buildSettings = {
				ALWAYS_SEARCH_USER_PATHS = NO;
				CLANG_ANALYZER_NONNULL = YES;
				CLANG_ANALYZER_NUMBER_OBJECT_CONVERSION = YES_AGGRESSIVE;
				CLANG_CXX_LANGUAGE_STANDARD = "gnu++17";
				CLANG_CXX_LIBRARY = "libc++";
				CLANG_ENABLE_MODULES = YES;
				CLANG_ENABLE_OBJC_ARC = YES;
				CLANG_ENABLE_OBJC_WEAK = YES;
				CLANG_WARN_BLOCK_CAPTURE_AUTORELEASING = YES;
				CLANG_WARN_BOOL_CONVERSION = YES;
				CLANG_WARN_COMMA = YES;
				CLANG_WARN_CONSTANT_CONVERSION = YES;
				CLANG_WARN_DEPRECATED_OBJC_IMPLEMENTATIONS = YES;
				CLANG_WARN_DIRECT_OBJC_ISA_USAGE = YES_ERROR;
				CLANG_WARN_DOCUMENTATION_COMMENTS = YES;
				CLANG_WARN_EMPTY_BODY = YES;
				CLANG_WARN_ENUM_CONVERSION = YES;
				CLANG_WARN_INFINITE_RECURSION = YES;
				CLANG_WARN_INT_CONVERSION = YES;
				CLANG_WARN_NON_LITERAL_NULL_CONVERSION = YES;
				CLANG_WARN_OBJC_IMPLICIT_RETAIN_SELF = YES;
				CLANG_WARN_OBJC_LITERAL_CONVERSION = YES;
				CLANG_WARN_OBJC_ROOT_CLASS = YES_ERROR;
				CLANG_WARN_QUOTED_INCLUDE_IN_FRAMEWORK_HEADER = YES;
				CLANG_WARN_RANGE_LOOP_ANALYSIS = YES;
				CLANG_WARN_STRICT_PROTOTYPES = YES;
				CLANG_WARN_SUSPICIOUS_MOVE = YES;
				CLANG_WARN_UNGUARDED_AVAILABILITY = YES_AGGRESSIVE;
				CLANG_WARN_UNREACHABLE_CODE = YES;
				CLANG_WARN__DUPLICATE_METHOD_MATCH = YES;
				COPY_PHASE_STRIP = NO;
				DEBUG_INFORMATION_FORMAT = "dwarf-with-dsym";
				ENABLE_NS_ASSERTIONS = NO;
				ENABLE_STRICT_OBJC_MSGSEND = YES;
				GCC_C_LANGUAGE_STANDARD = gnu11;
				GCC_NO_COMMON_BLOCKS = YES;
				GCC_WARN_64_TO_32_BIT_CONVERSION = YES;
				GCC_WARN_ABOUT_RETURN_TYPE = YES_ERROR;
				GCC_WARN_UNDECLARED_SELECTOR = YES;
				GCC_WARN_UNINITIALIZED_AUTOS = YES_AGGRESSIVE;
				GCC_WARN_UNUSED_FUNCTION = YES;
				GCC_WARN_UNUSED_VARIABLE = YES;
				IPHONEOS_DEPLOYMENT_TARGET = 15.2;
				MTL_ENABLE_DEBUG_INFO = NO;
				MTL_FAST_MATH = YES;
				SDKROOT = iphoneos;
				SWIFT_COMPILATION_MODE = wholemodule;
				SWIFT_OPTIMIZATION_LEVEL = "-O";
				VALIDATE_PRODUCT = YES;
			};
			name = Release;
		};
		C81251DA27A680FC007D81DD /* Debug */ = {
			isa = XCBuildConfiguration;
			buildSettings = {
				ASSETCATALOG_COMPILER_APPICON_NAME = AppIcon;
				ASSETCATALOG_COMPILER_GLOBAL_ACCENT_COLOR_NAME = AccentColor;
				CODE_SIGN_STYLE = Automatic;
				CURRENT_PROJECT_VERSION = 1;
				DEVELOPMENT_ASSET_PATHS = "\"BlueMovie/Preview Content\"";
				DEVELOPMENT_TEAM = 57WBJBT823;
				ENABLE_PREVIEWS = YES;
				GENERATE_INFOPLIST_FILE = YES;
				INFOPLIST_KEY_UIApplicationSceneManifest_Generation = YES;
				INFOPLIST_KEY_UIApplicationSupportsIndirectInputEvents = YES;
				INFOPLIST_KEY_UILaunchScreen_Generation = YES;
				INFOPLIST_KEY_UISupportedInterfaceOrientations_iPad = "UIInterfaceOrientationPortrait UIInterfaceOrientationPortraitUpsideDown UIInterfaceOrientationLandscapeLeft UIInterfaceOrientationLandscapeRight";
				INFOPLIST_KEY_UISupportedInterfaceOrientations_iPhone = "UIInterfaceOrientationPortrait UIInterfaceOrientationLandscapeLeft UIInterfaceOrientationLandscapeRight";
				LD_RUNPATH_SEARCH_PATHS = (
					"$(inherited)",
					"@executable_path/Frameworks",
				);
				MARKETING_VERSION = 1.0;
				PRODUCT_BUNDLE_IDENTIFIER = com.zack.BlueMovie;
				PRODUCT_NAME = "$(TARGET_NAME)";
				SWIFT_EMIT_LOC_STRINGS = YES;
				SWIFT_VERSION = 5.0;
				TARGETED_DEVICE_FAMILY = "1,2";
			};
			name = Debug;
		};
		C81251DB27A680FC007D81DD /* Release */ = {
			isa = XCBuildConfiguration;
			buildSettings = {
				ASSETCATALOG_COMPILER_APPICON_NAME = AppIcon;
				ASSETCATALOG_COMPILER_GLOBAL_ACCENT_COLOR_NAME = AccentColor;
				CODE_SIGN_STYLE = Automatic;
				CURRENT_PROJECT_VERSION = 1;
				DEVELOPMENT_ASSET_PATHS = "\"BlueMovie/Preview Content\"";
				DEVELOPMENT_TEAM = 57WBJBT823;
				ENABLE_PREVIEWS = YES;
				GENERATE_INFOPLIST_FILE = YES;
				INFOPLIST_KEY_UIApplicationSceneManifest_Generation = YES;
				INFOPLIST_KEY_UIApplicationSupportsIndirectInputEvents = YES;
				INFOPLIST_KEY_UILaunchScreen_Generation = YES;
				INFOPLIST_KEY_UISupportedInterfaceOrientations_iPad = "UIInterfaceOrientationPortrait UIInterfaceOrientationPortraitUpsideDown UIInterfaceOrientationLandscapeLeft UIInterfaceOrientationLandscapeRight";
				INFOPLIST_KEY_UISupportedInterfaceOrientations_iPhone = "UIInterfaceOrientationPortrait UIInterfaceOrientationLandscapeLeft UIInterfaceOrientationLandscapeRight";
				LD_RUNPATH_SEARCH_PATHS = (
					"$(inherited)",
					"@executable_path/Frameworks",
				);
				MARKETING_VERSION = 1.0;
				PRODUCT_BUNDLE_IDENTIFIER = com.zack.BlueMovie;
				PRODUCT_NAME = "$(TARGET_NAME)";
				SWIFT_EMIT_LOC_STRINGS = YES;
				SWIFT_VERSION = 5.0;
				TARGETED_DEVICE_FAMILY = "1,2";
			};
			name = Release;
		};
/* End XCBuildConfiguration section */

/* Begin XCConfigurationList section */
		C81251C627A680F8007D81DD /* Build configuration list for PBXProject "BlueMovie" */ = {
			isa = XCConfigurationList;
			buildConfigurations = (
				C81251D727A680FC007D81DD /* Debug */,
				C81251D827A680FC007D81DD /* Release */,
			);
			defaultConfigurationIsVisible = 0;
			defaultConfigurationName = Release;
		};
		C81251D927A680FC007D81DD /* Build configuration list for PBXNativeTarget "BlueMovie" */ = {
			isa = XCConfigurationList;
			buildConfigurations = (
				C81251DA27A680FC007D81DD /* Debug */,
				C81251DB27A680FC007D81DD /* Release */,
			);
			defaultConfigurationIsVisible = 0;
			defaultConfigurationName = Release;
		};
/* End XCConfigurationList section */
	};
	rootObject = C81251C327A680F8007D81DD /* Project object */;
}
